
Microsoft Visual Studio Solution File, Format Version 11.00
# Visual C# Express 2010
Project("{FAE04EC0-301F-11D3-BF4B-00C04F79EFBC}") = "Adjutant", "Adjutant\Adjutant.csproj", "{18B8A385-4205-407F-9EFB-7F4988BA4603}"
EndProject
Global
	GlobalSection(SolutionConfigurationPlatforms) = preSolution
		Debug|x86 = Debug|x86
		Release|x86 = Release|x86
	EndGlobalSection
	GlobalSection(ProjectConfigurationPlatforms) = postSolution
		{18B8A385-4205-407F-9EFB-7F4988BA4603}.Debug|x86.ActiveCfg = Debug|x86
		{18B8A385-4205-407F-9EFB-7F4988BA4603}.Debug|x86.Build.0 = Debug|x86
		{18B8A385-4205-407F-9EFB-7F4988BA4603}.Release|x86.ActiveCfg = Release|x86
		{18B8A385-4205-407F-9EFB-7F4988BA4603}.Release|x86.Build.0 = Release|x86
	EndGlobalSection
	GlobalSection(SolutionProperties) = preSolution
		HideSolutionNode = FALSE
	EndGlobalSection
EndGlobal
